
Microsoft Visual Studio Solution File, Format Version 12.00
# Visual Studio Version 17
VisualStudioVersion = 17.9.34622.214
MinimumVisualStudioVersion = 10.0.40219.1
Project("{FAE04EC0-301F-11D3-BF4B-00C04F79EFBC}") = "CarProject", "CarProject\CarProject.csproj", "{EF0E90FB-77A4-423B-B344-8CE31638EFBF}"
EndProject
Global
	GlobalSection(SolutionConfigurationPlatforms) = preSolution
		Debug|Any CPU = Debug|Any CPU
		Release|Any CPU = Release|Any CPU
	EndGlobalSection
	GlobalSection(ProjectConfigurationPlatforms) = postSolution
		{EF0E90FB-77A4-423B-B344-8CE31638EFBF}.Debug|Any CPU.ActiveCfg = Debug|Any CPU
		{EF0E90FB-77A4-423B-B344-8CE31638EFBF}.Debug|Any CPU.Build.0 = Debug|Any CPU
		{EF0E90FB-77A4-423B-B344-8CE31638EFBF}.Release|Any CPU.ActiveCfg = Release|Any CPU
		{EF0E90FB-77A4-423B-B344-8CE31638EFBF}.Release|Any CPU.Build.0 = Release|Any CPU
	EndGlobalSection
	GlobalSection(SolutionProperties) = preSolution
		HideSolutionNode = FALSE
	EndGlobalSection
	GlobalSection(ExtensibilityGlobals) = postSolution
		SolutionGuid = {CAA8E20F-909F-4C87-95E4-B5507AA48D67}
	EndGlobalSection
EndGlobal
